
Microsoft Visual Studio Solution File, Format Version 12.00
# Visual Studio Version 16
VisualStudioVersion = 16.0.28701.123
MinimumVisualStudioVersion = 10.0.40219.1
Project("{9A19103F-16F7-4668-BE54-9A1E7A4F7556}") = "SockMerchent", "SockMerchent\SockMerchent.csproj", "{60602068-4B4C-43B3-BFEF-3E240FF2800C}"
EndProject
Project("{9A19103F-16F7-4668-BE54-9A1E7A4F7556}") = "JumpingOnTheClouds", "JumpingOnTheClouds\JumpingOnTheClouds.csproj", "{607BBAE2-D773-4231-9F7F-F69A346F64E6}"
EndProject
Project("{9A19103F-16F7-4668-BE54-9A1E7A4F7556}") = "RepeatedString", "RepeatedString\RepeatedString.csproj", "{D43C8589-F122-45D6-A758-A154C5F73826}"
EndProject
Project("{9A19103F-16F7-4668-BE54-9A1E7A4F7556}") = "CountingValleys", "CountingValleys\CountingValleys.csproj", "{3E35AA02-EF43-48D6-B972-DC5ACA91C328}"
EndProject
Project("{2150E333-8FDC-42A3-9474-1A3956D46DE8}") = "WarmUp", "WarmUp", "{EC2294FA-F495-46FF-A314-B8396EE9D3A4}"
EndProject
Project("{2150E333-8FDC-42A3-9474-1A3956D46DE8}") = "Graphs", "Graphs", "{05343796-9FC5-434F-ABC9-25D1EFFB7052}"
EndProject
Project("{9A19103F-16F7-4668-BE54-9A1E7A4F7556}") = "RoadsAndLibraries", "RoadsAndLibraries\RoadsAndLibraries.csproj", "{662B56D7-94E3-4F24-8B0D-02BABBCE6F2B}"
EndProject
Project("{2150E333-8FDC-42A3-9474-1A3956D46DE8}") = "DictionariesAndHashMaps", "DictionariesAndHashMaps", "{0EC41F47-4B6F-470C-825F-65285DEA1B01}"
EndProject
Project("{9A19103F-16F7-4668-BE54-9A1E7A4F7556}") = "RansomNote", "RansomNote\RansomNote.csproj", "{39BB4C24-847A-4B0B-96BE-8D1959D8697C}"
EndProject
Project("{9A19103F-16F7-4668-BE54-9A1E7A4F7556}") = "TwoStrings", "TwoStrings\TwoStrings.csproj", "{69090B69-E053-4194-9C5A-3624B2713724}"
EndProject
Project("{2150E333-8FDC-42A3-9474-1A3956D46DE8}") = "Arrays", "Arrays", "{71A59855-CC5A-4CE7-A6B9-57543ADF390B}"
EndProject
Project("{9A19103F-16F7-4668-BE54-9A1E7A4F7556}") = "LeftRotation", "LeftRotation\LeftRotation.csproj", "{C3729B92-5DEC-4044-B203-19E9BD3B4990}"
EndProject
Project("{9A19103F-16F7-4668-BE54-9A1E7A4F7556}") = "SherlockAndAnagrams", "SherlockAndAnagrams\SherlockAndAnagrams.csproj", "{6AD28473-EADD-4DC2-A1A5-63643B61346D}"
EndProject
Project("{9A19103F-16F7-4668-BE54-9A1E7A4F7556}") = "AVeryBigSum", "AVeryBigSum\AVeryBigSum.csproj", "{A32E9D15-593E-4DB4-A48A-3B7D6687469F}"
EndProject
Project("{FAE04EC0-301F-11D3-BF4B-00C04F79EFBC}") = "MinSwaps", "MinSwaps\MinSwaps.csproj", "{6D92DB82-0186-4CB1-8736-C94897C4E67C}"
EndProject
Project("{2150E333-8FDC-42A3-9474-1A3956D46DE8}") = "Sorting", "Sorting", "{C5A71485-64CF-497C-A7E6-9656537B54C6}"
EndProject
Project("{FAE04EC0-301F-11D3-BF4B-00C04F79EFBC}") = "CountSwaps", "CountSwaps\CountSwaps.csproj", "{500CBFD2-678B-4C0F-B921-7245CC051476}"
EndProject
Project("{2150E333-8FDC-42A3-9474-1A3956D46DE8}") = "Strings", "Strings", "{D2EA16DC-AFA5-444C-A2C6-F7A681D96AA7}"
EndProject
Project("{FAE04EC0-301F-11D3-BF4B-00C04F79EFBC}") = "MakingAnagrams", "MakingAnagrams\MakingAnagrams.csproj", "{901E7C85-C319-4E20-A412-A198501C6C0B}"
EndProject
Project("{FAE04EC0-301F-11D3-BF4B-00C04F79EFBC}") = "AlternatingChars", "AlternatingChars\AlternatingChars.csproj", "{105620AA-EFAE-4382-B1D5-89CBBDD02962}"
EndProject
Project("{FAE04EC0-301F-11D3-BF4B-00C04F79EFBC}") = "SherlockAndTheValidString", "SherlockAndTheValidString\SherlockAndTheValidString.csproj", "{B52B1510-9DE2-4E05-BB90-4197B3B83F77}"
EndProject
Global
	GlobalSection(SolutionConfigurationPlatforms) = preSolution
		Debug|Any CPU = Debug|Any CPU
		Release|Any CPU = Release|Any CPU
	EndGlobalSection
	GlobalSection(ProjectConfigurationPlatforms) = postSolution
		{60602068-4B4C-43B3-BFEF-3E240FF2800C}.Debug|Any CPU.ActiveCfg = Debug|Any CPU
		{60602068-4B4C-43B3-BFEF-3E240FF2800C}.Debug|Any CPU.Build.0 = Debug|Any CPU
		{60602068-4B4C-43B3-BFEF-3E240FF2800C}.Release|Any CPU.ActiveCfg = Release|Any CPU
		{60602068-4B4C-43B3-BFEF-3E240FF2800C}.Release|Any CPU.Build.0 = Release|Any CPU
		{607BBAE2-D773-4231-9F7F-F69A346F64E6}.Debug|Any CPU.ActiveCfg = Debug|Any CPU
		{607BBAE2-D773-4231-9F7F-F69A346F64E6}.Debug|Any CPU.Build.0 = Debug|Any CPU
		{607BBAE2-D773-4231-9F7F-F69A346F64E6}.Release|Any CPU.ActiveCfg = Release|Any CPU
		{607BBAE2-D773-4231-9F7F-F69A346F64E6}.Release|Any CPU.Build.0 = Release|Any CPU
		{D43C8589-F122-45D6-A758-A154C5F73826}.Debug|Any CPU.ActiveCfg = Debug|Any CPU
		{D43C8589-F122-45D6-A758-A154C5F73826}.Debug|Any CPU.Build.0 = Debug|Any CPU
		{D43C8589-F122-45D6-A758-A154C5F73826}.Release|Any CPU.ActiveCfg = Release|Any CPU
		{D43C8589-F122-45D6-A758-A154C5F73826}.Release|Any CPU.Build.0 = Release|Any CPU
		{3E35AA02-EF43-48D6-B972-DC5ACA91C328}.Debug|Any CPU.ActiveCfg = Debug|Any CPU
		{3E35AA02-EF43-48D6-B972-DC5ACA91C328}.Debug|Any CPU.Build.0 = Debug|Any CPU
		{3E35AA02-EF43-48D6-B972-DC5ACA91C328}.Release|Any CPU.ActiveCfg = Release|Any CPU
		{3E35AA02-EF43-48D6-B972-DC5ACA91C328}.Release|Any CPU.Build.0 = Release|Any CPU
		{662B56D7-94E3-4F24-8B0D-02BABBCE6F2B}.Debug|Any CPU.ActiveCfg = Debug|Any CPU
		{662B56D7-94E3-4F24-8B0D-02BABBCE6F2B}.Debug|Any CPU.Build.0 = Debug|Any CPU
		{662B56D7-94E3-4F24-8B0D-02BABBCE6F2B}.Release|Any CPU.ActiveCfg = Release|Any CPU
		{662B56D7-94E3-4F24-8B0D-02BABBCE6F2B}.Release|Any CPU.Build.0 = Release|Any CPU
		{39BB4C24-847A-4B0B-96BE-8D1959D8697C}.Debug|Any CPU.ActiveCfg = Debug|Any CPU
		{39BB4C24-847A-4B0B-96BE-8D1959D8697C}.Debug|Any CPU.Build.0 = Debug|Any CPU
		{39BB4C24-847A-4B0B-96BE-8D1959D8697C}.Release|Any CPU.ActiveCfg = Release|Any CPU
		{39BB4C24-847A-4B0B-96BE-8D1959D8697C}.Release|Any CPU.Build.0 = Release|Any CPU
		{69090B69-E053-4194-9C5A-3624B2713724}.Debug|Any CPU.ActiveCfg = Debug|Any CPU
		{69090B69-E053-4194-9C5A-3624B2713724}.Debug|Any CPU.Build.0 = Debug|Any CPU
		{69090B69-E053-4194-9C5A-3624B2713724}.Release|Any CPU.ActiveCfg = Release|Any CPU
		{69090B69-E053-4194-9C5A-3624B2713724}.Release|Any CPU.Build.0 = Release|Any CPU
		{C3729B92-5DEC-4044-B203-19E9BD3B4990}.Debug|Any CPU.ActiveCfg = Debug|Any CPU
		{C3729B92-5DEC-4044-B203-19E9BD3B4990}.Debug|Any CPU.Build.0 = Debug|Any CPU
		{C3729B92-5DEC-4044-B203-19E9BD3B4990}.Release|Any CPU.ActiveCfg = Release|Any CPU
		{C3729B92-5DEC-4044-B203-19E9BD3B4990}.Release|Any CPU.Build.0 = Release|Any CPU
		{6AD28473-EADD-4DC2-A1A5-63643B61346D}.Debug|Any CPU.ActiveCfg = Debug|Any CPU
		{6AD28473-EADD-4DC2-A1A5-63643B61346D}.Debug|Any CPU.Build.0 = Debug|Any CPU
		{6AD28473-EADD-4DC2-A1A5-63643B61346D}.Release|Any CPU.ActiveCfg = Release|Any CPU
		{6AD28473-EADD-4DC2-A1A5-63643B61346D}.Release|Any CPU.Build.0 = Release|Any CPU
		{A32E9D15-593E-4DB4-A48A-3B7D6687469F}.Debug|Any CPU.ActiveCfg = Debug|Any CPU
		{A32E9D15-593E-4DB4-A48A-3B7D6687469F}.Debug|Any CPU.Build.0 = Debug|Any CPU
		{A32E9D15-593E-4DB4-A48A-3B7D6687469F}.Release|Any CPU.ActiveCfg = Release|Any CPU
		{A32E9D15-593E-4DB4-A48A-3B7D6687469F}.Release|Any CPU.Build.0 = Release|Any CPU
		{6D92DB82-0186-4CB1-8736-C94897C4E67C}.Debug|Any CPU.ActiveCfg = Debug|Any CPU
		{6D92DB82-0186-4CB1-8736-C94897C4E67C}.Debug|Any CPU.Build.0 = Debug|Any CPU
		{6D92DB82-0186-4CB1-8736-C94897C4E67C}.Release|Any CPU.ActiveCfg = Release|Any CPU
		{6D92DB82-0186-4CB1-8736-C94897C4E67C}.Release|Any CPU.Build.0 = Release|Any CPU
		{500CBFD2-678B-4C0F-B921-7245CC051476}.Debug|Any CPU.ActiveCfg = Debug|Any CPU
		{500CBFD2-678B-4C0F-B921-7245CC051476}.Debug|Any CPU.Build.0 = Debug|Any CPU
		{500CBFD2-678B-4C0F-B921-7245CC051476}.Release|Any CPU.ActiveCfg = Release|Any CPU
		{500CBFD2-678B-4C0F-B921-7245CC051476}.Release|Any CPU.Build.0 = Release|Any CPU
		{901E7C85-C319-4E20-A412-A198501C6C0B}.Debug|Any CPU.ActiveCfg = Debug|Any CPU
		{901E7C85-C319-4E20-A412-A198501C6C0B}.Debug|Any CPU.Build.0 = Debug|Any CPU
		{901E7C85-C319-4E20-A412-A198501C6C0B}.Release|Any CPU.ActiveCfg = Release|Any CPU
		{901E7C85-C319-4E20-A412-A198501C6C0B}.Release|Any CPU.Build.0 = Release|Any CPU
		{105620AA-EFAE-4382-B1D5-89CBBDD02962}.Debug|Any CPU.ActiveCfg = Debug|Any CPU
		{105620AA-EFAE-4382-B1D5-89CBBDD02962}.Debug|Any CPU.Build.0 = Debug|Any CPU
		{105620AA-EFAE-4382-B1D5-89CBBDD02962}.Release|Any CPU.ActiveCfg = Release|Any CPU
		{105620AA-EFAE-4382-B1D5-89CBBDD02962}.Release|Any CPU.Build.0 = Release|Any CPU
		{B52B1510-9DE2-4E05-BB90-4197B3B83F77}.Debug|Any CPU.ActiveCfg = Debug|Any CPU
		{B52B1510-9DE2-4E05-BB90-4197B3B83F77}.Debug|Any CPU.Build.0 = Debug|Any CPU
		{B52B1510-9DE2-4E05-BB90-4197B3B83F77}.Release|Any CPU.ActiveCfg = Release|Any CPU
		{B52B1510-9DE2-4E05-BB90-4197B3B83F77}.Release|Any CPU.Build.0 = Release|Any CPU
	EndGlobalSection
	GlobalSection(SolutionProperties) = preSolution
		HideSolutionNode = FALSE
	EndGlobalSection
	GlobalSection(NestedProjects) = preSolution
		{60602068-4B4C-43B3-BFEF-3E240FF2800C} = {EC2294FA-F495-46FF-A314-B8396EE9D3A4}
		{607BBAE2-D773-4231-9F7F-F69A346F64E6} = {EC2294FA-F495-46FF-A314-B8396EE9D3A4}
		{D43C8589-F122-45D6-A758-A154C5F73826} = {EC2294FA-F495-46FF-A314-B8396EE9D3A4}
		{3E35AA02-EF43-48D6-B972-DC5ACA91C328} = {EC2294FA-F495-46FF-A314-B8396EE9D3A4}
		{662B56D7-94E3-4F24-8B0D-02BABBCE6F2B} = {05343796-9FC5-434F-ABC9-25D1EFFB7052}
		{39BB4C24-847A-4B0B-96BE-8D1959D8697C} = {0EC41F47-4B6F-470C-825F-65285DEA1B01}
		{69090B69-E053-4194-9C5A-3624B2713724} = {0EC41F47-4B6F-470C-825F-65285DEA1B01}
		{C3729B92-5DEC-4044-B203-19E9BD3B4990} = {71A59855-CC5A-4CE7-A6B9-57543ADF390B}
		{6AD28473-EADD-4DC2-A1A5-63643B61346D} = {0EC41F47-4B6F-470C-825F-65285DEA1B01}
		{A32E9D15-593E-4DB4-A48A-3B7D6687469F} = {EC2294FA-F495-46FF-A314-B8396EE9D3A4}
		{6D92DB82-0186-4CB1-8736-C94897C4E67C} = {71A59855-CC5A-4CE7-A6B9-57543ADF390B}
		{500CBFD2-678B-4C0F-B921-7245CC051476} = {C5A71485-64CF-497C-A7E6-9656537B54C6}
		{901E7C85-C319-4E20-A412-A198501C6C0B} = {D2EA16DC-AFA5-444C-A2C6-F7A681D96AA7}
		{105620AA-EFAE-4382-B1D5-89CBBDD02962} = {D2EA16DC-AFA5-444C-A2C6-F7A681D96AA7}
		{B52B1510-9DE2-4E05-BB90-4197B3B83F77} = {D2EA16DC-AFA5-444C-A2C6-F7A681D96AA7}
	EndGlobalSection
	GlobalSection(ExtensibilityGlobals) = postSolution
		SolutionGuid = {EDF5BB10-8338-46E9-A5DC-CADD02B92A55}
	EndGlobalSection
EndGlobal
