
Microsoft Visual Studio Solution File, Format Version 12.00
# Visual Studio Version 16
VisualStudioVersion = 16.0.28516.95
MinimumVisualStudioVersion = 10.0.40219.1
Project("{9A19103F-16F7-4668-BE54-9A1E7A4F7556}") = "SockMerchent", "SockMerchent\SockMerchent.csproj", "{60602068-4B4C-43B3-BFEF-3E240FF2800C}"
EndProject
Project("{9A19103F-16F7-4668-BE54-9A1E7A4F7556}") = "JumpingOnTheClouds", "JumpingOnTheClouds\JumpingOnTheClouds.csproj", "{607BBAE2-D773-4231-9F7F-F69A346F64E6}"
EndProject
Project("{9A19103F-16F7-4668-BE54-9A1E7A4F7556}") = "RepeatedString", "RepeatedString\RepeatedString.csproj", "{D43C8589-F122-45D6-A758-A154C5F73826}"
EndProject
Project("{9A19103F-16F7-4668-BE54-9A1E7A4F7556}") = "CountingValleys", "CountingValleys\CountingValleys.csproj", "{3E35AA02-EF43-48D6-B972-DC5ACA91C328}"
EndProject
Global
	GlobalSection(SolutionConfigurationPlatforms) = preSolution
		Debug|Any CPU = Debug|Any CPU
		Release|Any CPU = Release|Any CPU
	EndGlobalSection
	GlobalSection(ProjectConfigurationPlatforms) = postSolution
		{60602068-4B4C-43B3-BFEF-3E240FF2800C}.Debug|Any CPU.ActiveCfg = Debug|Any CPU
		{60602068-4B4C-43B3-BFEF-3E240FF2800C}.Debug|Any CPU.Build.0 = Debug|Any CPU
		{60602068-4B4C-43B3-BFEF-3E240FF2800C}.Release|Any CPU.ActiveCfg = Release|Any CPU
		{60602068-4B4C-43B3-BFEF-3E240FF2800C}.Release|Any CPU.Build.0 = Release|Any CPU
		{607BBAE2-D773-4231-9F7F-F69A346F64E6}.Debug|Any CPU.ActiveCfg = Debug|Any CPU
		{607BBAE2-D773-4231-9F7F-F69A346F64E6}.Debug|Any CPU.Build.0 = Debug|Any CPU
		{607BBAE2-D773-4231-9F7F-F69A346F64E6}.Release|Any CPU.ActiveCfg = Release|Any CPU
		{607BBAE2-D773-4231-9F7F-F69A346F64E6}.Release|Any CPU.Build.0 = Release|Any CPU
		{D43C8589-F122-45D6-A758-A154C5F73826}.Debug|Any CPU.ActiveCfg = Debug|Any CPU
		{D43C8589-F122-45D6-A758-A154C5F73826}.Debug|Any CPU.Build.0 = Debug|Any CPU
		{D43C8589-F122-45D6-A758-A154C5F73826}.Release|Any CPU.ActiveCfg = Release|Any CPU
		{D43C8589-F122-45D6-A758-A154C5F73826}.Release|Any CPU.Build.0 = Release|Any CPU
		{3E35AA02-EF43-48D6-B972-DC5ACA91C328}.Debug|Any CPU.ActiveCfg = Debug|Any CPU
		{3E35AA02-EF43-48D6-B972-DC5ACA91C328}.Debug|Any CPU.Build.0 = Debug|Any CPU
		{3E35AA02-EF43-48D6-B972-DC5ACA91C328}.Release|Any CPU.ActiveCfg = Release|Any CPU
		{3E35AA02-EF43-48D6-B972-DC5ACA91C328}.Release|Any CPU.Build.0 = Release|Any CPU
	EndGlobalSection
	GlobalSection(SolutionProperties) = preSolution
		HideSolutionNode = FALSE
	EndGlobalSection
	GlobalSection(ExtensibilityGlobals) = postSolution
		SolutionGuid = {EDF5BB10-8338-46E9-A5DC-CADD02B92A55}
	EndGlobalSection
EndGlobal
