
Microsoft Visual Studio Solution File, Format Version 12.00
# Visual Studio Version 16
VisualStudioVersion = 16.0.28711.60
MinimumVisualStudioVersion = 10.0.40219.1
Project("{FAE04EC0-301F-11D3-BF4B-00C04F79EFBC}") = "ArrayToBst", "ArrayToBst\ArrayToBst.csproj", "{79FBC360-A966-43B5-AAB9-6856D4BAA8A9}"
EndProject
Global
	GlobalSection(SolutionConfigurationPlatforms) = preSolution
		Debug|Any CPU = Debug|Any CPU
		Release|Any CPU = Release|Any CPU
	EndGlobalSection
	GlobalSection(ProjectConfigurationPlatforms) = postSolution
		{79FBC360-A966-43B5-AAB9-6856D4BAA8A9}.Debug|Any CPU.ActiveCfg = Debug|Any CPU
		{79FBC360-A966-43B5-AAB9-6856D4BAA8A9}.Debug|Any CPU.Build.0 = Debug|Any CPU
		{79FBC360-A966-43B5-AAB9-6856D4BAA8A9}.Release|Any CPU.ActiveCfg = Release|Any CPU
		{79FBC360-A966-43B5-AAB9-6856D4BAA8A9}.Release|Any CPU.Build.0 = Release|Any CPU
	EndGlobalSection
	GlobalSection(SolutionProperties) = preSolution
		HideSolutionNode = FALSE
	EndGlobalSection
	GlobalSection(ExtensibilityGlobals) = postSolution
		SolutionGuid = {1FCE9720-F661-44D2-868C-37B2F1003066}
	EndGlobalSection
EndGlobal
